
Microsoft Visual Studio Solution File, Format Version 12.00
# Visual Studio 15
Project("{FAE04EC0-301F-11D3-BF4B-00C04F79EFBC}") = "Assembly-CSharp", "Assembly-CSharp.csproj", "{D648B4D2-CEF5-F430-FD6F-06DF202C0AF1}"
EndProject
Project("{FAE04EC0-301F-11D3-BF4B-00C04F79EFBC}") = "Assembly-CSharp-Editor", "Assembly-CSharp-Editor.csproj", "{918738D1-B205-80E4-9624-DCAD51DB13F0}"
EndProject
Global
	GlobalSection(SolutionConfigurationPlatforms) = preSolution
		Debug|Any CPU = Debug|Any CPU
		Release|Any CPU = Release|Any CPU
	EndGlobalSection
	GlobalSection(ProjectConfigurationPlatforms) = postSolution
		{D648B4D2-CEF5-F430-FD6F-06DF202C0AF1}.Debug|Any CPU.ActiveCfg = Debug|Any CPU
		{D648B4D2-CEF5-F430-FD6F-06DF202C0AF1}.Debug|Any CPU.Build.0 = Debug|Any CPU
		{D648B4D2-CEF5-F430-FD6F-06DF202C0AF1}.Release|Any CPU.ActiveCfg = Release|Any CPU
		{D648B4D2-CEF5-F430-FD6F-06DF202C0AF1}.Release|Any CPU.Build.0 = Release|Any CPU
		{918738D1-B205-80E4-9624-DCAD51DB13F0}.Debug|Any CPU.ActiveCfg = Debug|Any CPU
		{918738D1-B205-80E4-9624-DCAD51DB13F0}.Debug|Any CPU.Build.0 = Debug|Any CPU
		{918738D1-B205-80E4-9624-DCAD51DB13F0}.Release|Any CPU.ActiveCfg = Release|Any CPU
		{918738D1-B205-80E4-9624-DCAD51DB13F0}.Release|Any CPU.Build.0 = Release|Any CPU
	EndGlobalSection
	GlobalSection(SolutionProperties) = preSolution
		HideSolutionNode = FALSE
	EndGlobalSection
EndGlobal
